Microsoft Visual Studio Solution File, Format Version 12.00
# Visual Studio Version 17
VisualStudioVersion = 17.0.31903.59
MinimumVisualStudioVersion = 10.0.40219.1
Project("{FAE04EC0-301F-11D3-BF4B-00C04F79EFBC}") = "Selenium101", "Selenium101.csproj", "{4D7E8A2A-4E20-4D8C-B1D8-2E5D1A1A0001}"
EndProject
Global
	GlobalSection(SolutionConfigurationPlatforms) = preSolution
		Debug|Any CPU = Debug|Any CPU
		Release|Any CPU = Release|Any CPU
	EndGlobalSection
	GlobalSection(ProjectConfigurationPlatforms) = postSolution
		{4D7E8A2A-4E20-4D8C-B1D8-2E5D1A1A0001}.Debug|Any CPU.ActiveCfg = Debug|Any CPU
		{4D7E8A2A-4E20-4D8C-B1D8-2E5D1A1A0001}.Debug|Any CPU.Build.0 = Debug|Any CPU
		{4D7E8A2A-4E20-4D8C-B1D8-2E5D1A1A0001}.Release|Any CPU.ActiveCfg = Release|Any CPU
		{4D7E8A2A-4E20-4D8C-B1D8-2E5D1A1A0001}.Release|Any CPU.Build.0 = Release|Any CPU
	EndGlobalSection
	GlobalSection(SolutionProperties) = preSolution
		HideSolutionNode = FALSE
	EndGlobalSection
	GlobalSection(ExtensibilityGlobals) = postSolution
		SolutionGuid = {0ABA3A8E-974A-4A30-844C-E29B92F3BD52}
	EndGlobalSection
EndGlobal
